
Microsoft Visual Studio Solution File, Format Version 12.00
# Visual Studio 15
VisualStudioVersion = 15.0.27428.2027
MinimumVisualStudioVersion = 10.0.40219.1
Project("{FAE04EC0-301F-11D3-BF4B-00C04F79EFBC}") = "Uno", "Uno\Uno.csproj", "{3DD71948-DE86-4C0C-9C47-9A422F9F6E9A}"
EndProject
Global
	GlobalSection(SolutionConfigurationPlatforms) = preSolution
		Debug|Any CPU = Debug|Any CPU
		Release|Any CPU = Release|Any CPU
	EndGlobalSection
	GlobalSection(ProjectConfigurationPlatforms) = postSolution
		{3DD71948-DE86-4C0C-9C47-9A422F9F6E9A}.Debug|Any CPU.ActiveCfg = Debug|Any CPU
		{3DD71948-DE86-4C0C-9C47-9A422F9F6E9A}.Debug|Any CPU.Build.0 = Debug|Any CPU
		{3DD71948-DE86-4C0C-9C47-9A422F9F6E9A}.Release|Any CPU.ActiveCfg = Release|Any CPU
		{3DD71948-DE86-4C0C-9C47-9A422F9F6E9A}.Release|Any CPU.Build.0 = Release|Any CPU
	EndGlobalSection
	GlobalSection(SolutionProperties) = preSolution
		HideSolutionNode = FALSE
	EndGlobalSection
	GlobalSection(ExtensibilityGlobals) = postSolution
		SolutionGuid = {B37D713D-2C12-48D3-847E-E25F641A9FF1}
	EndGlobalSection
EndGlobal
